
Microsoft Visual Studio Solution File, Format Version 12.00
# Visual Studio 14
VisualStudioVersion = 14.0.23107.0
MinimumVisualStudioVersion = 10.0.40219.1
Project("{FAE04EC0-301F-11D3-BF4B-00C04F79EFBC}") = "Websida", "Websida\Websida.csproj", "{9E5D4702-49F2-4DFC-B5C9-B3ED246DF1C3}"
EndProject
Project("{FAE04EC0-301F-11D3-BF4B-00C04F79EFBC}") = "Helpers", "Helpers\Helpers.csproj", "{E20AADDC-B7F3-491F-841F-E4EF914981FE}"
EndProject
Global
	GlobalSection(SolutionConfigurationPlatforms) = preSolution
		Debug|Any CPU = Debug|Any CPU
		Release|Any CPU = Release|Any CPU
	EndGlobalSection
	GlobalSection(ProjectConfigurationPlatforms) = postSolution
		{9E5D4702-49F2-4DFC-B5C9-B3ED246DF1C3}.Debug|Any CPU.ActiveCfg = Debug|Any CPU
		{9E5D4702-49F2-4DFC-B5C9-B3ED246DF1C3}.Debug|Any CPU.Build.0 = Debug|Any CPU
		{9E5D4702-49F2-4DFC-B5C9-B3ED246DF1C3}.Release|Any CPU.ActiveCfg = Release|Any CPU
		{9E5D4702-49F2-4DFC-B5C9-B3ED246DF1C3}.Release|Any CPU.Build.0 = Release|Any CPU
		{E20AADDC-B7F3-491F-841F-E4EF914981FE}.Debug|Any CPU.ActiveCfg = Debug|Any CPU
		{E20AADDC-B7F3-491F-841F-E4EF914981FE}.Debug|Any CPU.Build.0 = Debug|Any CPU
		{E20AADDC-B7F3-491F-841F-E4EF914981FE}.Release|Any CPU.ActiveCfg = Release|Any CPU
		{E20AADDC-B7F3-491F-841F-E4EF914981FE}.Release|Any CPU.Build.0 = Release|Any CPU
	EndGlobalSection
	GlobalSection(SolutionProperties) = preSolution
		HideSolutionNode = FALSE
	EndGlobalSection
EndGlobal
